lockVersion: 2.0.0
id: 5a857039-7f4b-42d5-86fd-449767242ed2
management:
  docChecksum: 0a035053ffb0c4be9abde4fbcaf9b4fd
  docVersion: 1.2.3
  speakeasyVersion: 1.611.0
  generationVersion: 2.694.1
  releaseVersion: 0.17.4
  configChecksum: 8ee54dbef2dc9f7ff7609e2b24886c24
  repoURL: https://github.com/epilot-dev/terraform-provider-epilot-product.git
  repoSubDirectory: .
  published: true
features:
  go:
    additionalProperties: 0.1.1
    constsAndDefaults: 0.1.1
    core: 3.1.4
    flattening: 2.81.1
    globalSecurity: 2.82.2
    globalServerURLs: 2.82.0
    unions: 2.85.0
  terraform:
    additionalDependencies: 0.1.0
    additionalProperties: 0.1.2
    constsAndDefaults: 0.2.1
    core: 3.44.1
    globalSecurity: 2.82.0
    globalServerURLs: 2.83.0
    retries: 2.81.4
    typeOverrides: 2.81.1
    unions: 2.81.17
generatedFiles:
  - .gitattributes
  - USAGE.md
  - examples/README.md
  - examples/data-sources/epilot-kanban_kanban/data-source.tf
  - examples/provider/provider.tf
  - examples/resources/epilot-kanban_kanban/import-by-string-id.tf
  - examples/resources/epilot-kanban_kanban/import.sh
  - examples/resources/epilot-kanban_kanban/resource.tf
  - go.mod
  - go.sum
  - internal/planmodifiers/boolplanmodifier/suppress_diff.go
  - internal/planmodifiers/float32planmodifier/suppress_diff.go
  - internal/planmodifiers/float64planmodifier/suppress_diff.go
  - internal/planmodifiers/int32planmodifier/suppress_diff.go
  - internal/planmodifiers/int64planmodifier/suppress_diff.go
  - internal/planmodifiers/listplanmodifier/suppress_diff.go
  - internal/planmodifiers/mapplanmodifier/suppress_diff.go
  - internal/planmodifiers/numberplanmodifier/suppress_diff.go
  - internal/planmodifiers/objectplanmodifier/suppress_diff.go
  - internal/planmodifiers/setplanmodifier/suppress_diff.go
  - internal/planmodifiers/stringplanmodifier/suppress_diff.go
  - internal/planmodifiers/utils/state_check.go
  - internal/provider/kanban_data_source.go
  - internal/provider/kanban_data_source_sdk.go
  - internal/provider/kanban_resource.go
  - internal/provider/kanban_resource_sdk.go
  - internal/provider/provider.go
  - internal/provider/reflect/diags.go
  - internal/provider/reflect/doc.go
  - internal/provider/reflect/generic_attr_value.go
  - internal/provider/reflect/helpers.go
  - internal/provider/reflect/interfaces.go
  - internal/provider/reflect/into.go
  - internal/provider/reflect/map.go
  - internal/provider/reflect/number.go
  - internal/provider/reflect/options.go
  - internal/provider/reflect/outof.go
  - internal/provider/reflect/pointer.go
  - internal/provider/reflect/primitive.go
  - internal/provider/reflect/slice.go
  - internal/provider/reflect/struct.go
  - internal/provider/typeconvert/date.go
  - internal/provider/typeconvert/datetime.go
  - internal/provider/typeconvert/int.go
  - internal/provider/types/board_filter.go
  - internal/provider/types/card_config.go
  - internal/provider/types/config.go
  - internal/provider/types/filter_group.go
  - internal/provider/types/items.go
  - internal/provider/types/sorting.go
  - internal/provider/types/swimlane.go
  - internal/provider/utils.go
  - internal/sdk/.gitattributes
  - internal/sdk/docs/models/operations/option.md
  - internal/sdk/internal/config/sdkconfiguration.go
  - internal/sdk/internal/hooks/hooks.go
  - internal/sdk/internal/utils/contenttype.go
  - internal/sdk/internal/utils/env.go
  - internal/sdk/internal/utils/form.go
  - internal/sdk/internal/utils/headers.go
  - internal/sdk/internal/utils/json.go
  - internal/sdk/internal/utils/pathparams.go
  - internal/sdk/internal/utils/queryparams.go
  - internal/sdk/internal/utils/requestbody.go
  - internal/sdk/internal/utils/retries.go
  - internal/sdk/internal/utils/security.go
  - internal/sdk/internal/utils/utils.go
  - internal/sdk/kanban.go
  - internal/sdk/models/errors/sdkerror.go
  - internal/sdk/models/operations/createkanbanboard.go
  - internal/sdk/models/operations/deletekanbanboard.go
  - internal/sdk/models/operations/executeflowsquery.go
  - internal/sdk/models/operations/flowsautocomplete.go
  - internal/sdk/models/operations/getkanbanboard.go
  - internal/sdk/models/operations/getkanbanboards.go
  - internal/sdk/models/operations/options.go
  - internal/sdk/models/operations/patchkanbanboard.go
  - internal/sdk/models/operations/updatekanbanboard.go
  - internal/sdk/models/shared/board.go
  - internal/sdk/models/shared/boardfilter.go
  - internal/sdk/models/shared/boardsummary.go
  - internal/sdk/models/shared/filtergroup.go
  - internal/sdk/models/shared/flowsqueryrequest.go
  - internal/sdk/models/shared/flowsqueryresult.go
  - internal/sdk/models/shared/security.go
  - internal/sdk/models/shared/sorting.go
  - internal/sdk/models/shared/swimlane.go
  - internal/sdk/query.go
  - internal/sdk/retry/config.go
  - internal/sdk/sdk.go
  - internal/sdk/types/bigint.go
  - internal/sdk/types/date.go
  - internal/sdk/types/datetime.go
  - internal/sdk/types/decimal.go
  - internal/sdk/types/pointers.go
  - internal/validators/DateValidator.go
  - internal/validators/ExactlyOneChild.go
  - internal/validators/JSONParseValidator.go
  - internal/validators/RFC3339Validator.go
  - internal/validators/boolvalidators/not_null.go
  - internal/validators/float32validators/not_null.go
  - internal/validators/float64validators/not_null.go
  - internal/validators/int32validators/not_null.go
  - internal/validators/int64validators/not_null.go
  - internal/validators/listvalidators/not_null.go
  - internal/validators/mapvalidators/not_null.go
  - internal/validators/numbervalidators/not_null.go
  - internal/validators/objectvalidators/not_null.go
  - internal/validators/setvalidators/not_null.go
  - internal/validators/stringvalidators/not_null.go
  - main.go
  - terraform-registry-manifest.json
  - tools/tools.go
examples:
  createKanbanBoard:
    speakeasy-default-create-kanban-board:
      requestBody:
        application/json: {"config": {"board_filter": {"combination": "OR", "items": []}, "card_config": {"fields": ["assignee"]}, "dataset": "workflow_tasks_overview", "search_query": "task 1", "sorting": {"direction": "asc", "field": "created_at"}, "swimlanes": [{"filter": {"combination": "OR", "items": [{"combination": "AND", "items": [{"data_type": "string", "key": "assignee", "operator": "EQUALS", "value": "100020"}]}]}, "position": 1, "title": "Swimlane 1", "title_chip_variant": "success"}]}, "description": "Board description", "title": "Board 1"}
      responses:
        "200":
          application/json: {"config": {"board_filter": {"combination": "OR", "items": []}, "card_config": {"fields": ["assignee"]}, "dataset": "workflow_tasks_overview", "search_query": "task 1", "sorting": {"direction": "asc", "field": "created_at"}, "swimlanes": [{"filter": {"combination": "OR", "items": [{"combination": "AND", "items": [{"data_type": "string", "key": "assignee", "operator": "EQUALS", "value": "100020"}]}]}, "position": 1, "title": "Swimlane 1", "title_chip_variant": "success"}]}, "description": "Board description", "title": "Board 1"}
  deleteKanbanBoard:
    speakeasy-default-delete-kanban-board:
      parameters:
        path:
          boardId: "<id>"
  getKanbanBoard:
    speakeasy-default-get-kanban-board:
      parameters:
        path:
          boardId: "<id>"
      responses:
        "200":
          application/json: {"config": {"board_filter": {"combination": "OR", "items": [{"combination": "AND", "items": [{"data_type": "string", "key": "assignee", "operator": "EQUALS", "value": "100020"}]}]}, "card_config": {"fields": ["assignee"]}, "dataset": "workflow_tasks_overview", "search_query": "task 1", "sorting": {"direction": "asc", "field": "created_at"}, "swimlanes": [{"filter": {"combination": "OR", "items": [{"combination": "AND", "items": [{"data_type": "string", "key": "assignee", "operator": "EQUALS", "value": "100020"}]}]}, "position": 1, "title": "Swimlane 1", "title_chip_variant": "success"}]}, "description": "Board description", "title": "Board 1"}
  getKanbanBoards:
    speakeasy-default-get-kanban-boards:
      responses:
        "200":
          application/json: [{"description": "Board description", "title": "Board 1"}]
  patchKanbanBoard:
    speakeasy-default-patch-kanban-board:
      parameters:
        path:
          boardId: "<id>"
      requestBody:
        application/json: {"description": "Board description", "title": "Board 1"}
      responses:
        "200":
          application/json: {"config": {"board_filter": {"combination": "OR", "items": [{"data_type": "string", "key": "assignee", "operator": "EQUALS", "value": "100020"}]}, "card_config": {"fields": ["assignee"]}, "dataset": "workflow_tasks_overview", "search_query": "task 1", "sorting": {"direction": "asc", "field": "created_at"}, "swimlanes": [{"filter": {"combination": "OR", "items": []}, "position": 1, "title": "Swimlane 1", "title_chip_variant": "success"}]}, "description": "Board description", "title": "Board 1"}
  updateKanbanBoard:
    speakeasy-default-update-kanban-board:
      parameters:
        path:
          boardId: "<id>"
      requestBody:
        application/json: {"config": {"board_filter": {"combination": "OR", "items": [{"combination": "AND", "items": [{"data_type": "string", "key": "assignee", "operator": "EQUALS", "value": "100020"}]}]}, "card_config": {"fields": ["assignee"]}, "dataset": "workflow_tasks_overview", "search_query": "task 1", "sorting": {"direction": "asc", "field": "created_at"}, "swimlanes": [{"filter": {"combination": "OR", "items": []}, "position": 1, "title": "Swimlane 1", "title_chip_variant": "success"}]}, "description": "Board description", "title": "Board 1"}
      responses:
        "200":
          application/json: {"config": {"board_filter": {"combination": "OR", "items": [{"combination": "AND", "items": [{"data_type": "string", "key": "assignee", "operator": "EQUALS", "value": "100020"}]}]}, "card_config": {"fields": ["assignee"]}, "dataset": "workflow_tasks_overview", "search_query": "task 1", "sorting": {"direction": "asc", "field": "created_at"}, "swimlanes": [{"filter": {"combination": "OR", "items": []}, "position": 1, "title": "Swimlane 1", "title_chip_variant": "success"}]}, "description": "Board description", "title": "Board 1"}
  executeFlowsQuery:
    speakeasy-default-execute-flows-query:
      requestBody:
        application/json: {"filters": {"combination": "OR", "items": [{"data_type": "string", "key": "assignee", "operator": "EQUALS", "value": "100020"}]}, "from": 0, "size": 10, "sorting": {"direction": "asc", "field": "created_at"}}
      responses:
        "200":
          application/json: {}
  flowsAutocomplete:
    speakeasy-default-flows-autocomplete:
      parameters:
        query:
          attribute: "name"
          size: 25
          from: 0
      responses:
        "200":
          application/json: {"hits": 42, "results": ["value"]}
examplesVersion: 1.0.2
generatedTests: {}
